{
  "name": "justrox-tent",
  "version": "1.2.4",
  "lockfileVersion": 1,
  "requires": true,
  "dependencies": {
    "regexp-tree": {
      "version": "0.1.10",
      "resolved": "https://registry.npmjs.org/regexp-tree/-/regexp-tree-0.1.10.tgz",
      "integrity": "sha512-K1qVSbcedffwuIslMwpe6vGlj+ZXRnGkvjAtFHfDZZZuEdA/h0dxljAPu9vhUo6Rrx2U2AwJ+nSQ6hK+lrP5MQ=="
    },
    "safe-regex": {
      "version": "2.0.2",
      "resolved": "https://registry.npmjs.org/safe-regex/-/safe-regex-2.0.2.tgz",
      "integrity": "sha512-rRALJT0mh4qVFIJ9HvfjKDN77F9vp7kltOpFFI/8e6oKyHFmmxz4aSkY/YVauRDe7U0RrHdw9Lsxdel3E19s0A==",
      "requires": {
        "regexp-tree": "~0.1.1"
      }
    }
  }
}
